// !$*UTF8*$!
{
	archiveVersion = 1;
	classes = {
	};
	objectVersion = 50;
	objects = {

/* Begin PBXBuildFile section */
		9A00FF232778B7DA0004B1E6 /* mainpage_background.png in Resources */ = {isa = PBXBuildFile; fileRef = 9A00FF222778B7DA0004B1E6 /* mainpage_background.png */; };
		9A00FF252778BBDC0004B1E6 /* mainpage_line_background.png in Resources */ = {isa = PBXBuildFile; fileRef = 9A00FF242778BBDC0004B1E6 /* mainpage_line_background.png */; };
		9A00FF272778BCFE0004B1E6 /* mainpage_line_6_background.png in Resources */ = {isa = PBXBuildFile; fileRef = 9A00FF262778BCFE0004B1E6 /* mainpage_line_6_background.png */; };
		9A07D4E72779F7D2009BD733 /* main_cookie.png in Resources */ = {isa = PBXBuildFile; fileRef = 9A07D4E62779F7D2009BD733 /* main_cookie.png */; };
		9A11C22B277A06EB00D141D1 /* main_cookie_line.png in Resources */ = {isa = PBXBuildFile; fileRef = 9A11C22A277A06EB00D141D1 /* main_cookie_line.png */; };
		9A2F96C2276F503E00BEE55B /* CustomView.swift in Sources */ = {isa = PBXBuildFile; fileRef = 9A2F96C1276F503E00BEE55B /* CustomView.swift */; };
		9A2F96C4276F590D00BEE55B /* TimePickerViewController.swift in Sources */ = {isa = PBXBuildFile; fileRef = 9A2F96C3276F590D00BEE55B /* TimePickerViewController.swift */; };
		9A6B37DB276C3ADF000188F5 /* AppDelegate.swift in Sources */ = {isa = PBXBuildFile; fileRef = 9A6B37DA276C3ADF000188F5 /* AppDelegate.swift */; };
		9A6B37DD276C3ADF000188F5 /* SceneDelegate.swift in Sources */ = {isa = PBXBuildFile; fileRef = 9A6B37DC276C3ADF000188F5 /* SceneDelegate.swift */; };
		9A6B37DF276C3ADF000188F5 /* ViewController.swift in Sources */ = {isa = PBXBuildFile; fileRef = 9A6B37DE276C3ADF000188F5 /* ViewController.swift */; };
		9A6B37E2276C3ADF000188F5 /* Main.storyboard in Resources */ = {isa = PBXBuildFile; fileRef = 9A6B37E0276C3ADF000188F5 /* Main.storyboard */; };
		9A6B37E4276C3AE0000188F5 /* Assets.xcassets in Resources */ = {isa = PBXBuildFile; fileRef = 9A6B37E3276C3AE0000188F5 /* Assets.xcassets */; };
		9A6B37E7276C3AE0000188F5 /* LaunchScreen.storyboard in Resources */ = {isa = PBXBuildFile; fileRef = 9A6B37E5276C3AE0000188F5 /* LaunchScreen.storyboard */; };
		9A6B37F9276C4DAA000188F5 /* SDSamliphopangcheOutline.otf in Resources */ = {isa = PBXBuildFile; fileRef = 9A6B37F7276C4DAA000188F5 /* SDSamliphopangcheOutline.otf */; };
		9A6B37FC276C4E29000188F5 /* SDSamliphopangcheBasic.otf in Resources */ = {isa = PBXBuildFile; fileRef = 9A6B37F8276C4DAA000188F5 /* SDSamliphopangcheBasic.otf */; };
		9AD27C4E2771A767007B936B /* Goal.swift in Sources */ = {isa = PBXBuildFile; fileRef = 9AD27C4D2771A767007B936B /* Goal.swift */; };
		9AD27C502771B2F6007B936B /* MainViewController.swift in Sources */ = {isa = PBXBuildFile; fileRef = 9AD27C4F2771B2F6007B936B /* MainViewController.swift */; };
		9AE5FD86279425450037FA63 /* ResultViewController.swift in Sources */ = {isa = PBXBuildFile; fileRef = 9AE5FD85279425450037FA63 /* ResultViewController.swift */; };
		9AE5FD88279432770037FA63 /* CookieDetailsViewController.swift in Sources */ = {isa = PBXBuildFile; fileRef = 9AE5FD87279432770037FA63 /* CookieDetailsViewController.swift */; };
		9AE718FD2774083F00D04C17 /* NanumBarunpenB.otf in Resources */ = {isa = PBXBuildFile; fileRef = 9A2F96B7276F097100BEE55B /* NanumBarunpenB.otf */; };
		9AE718FE2774084100D04C17 /* NanumBarunpenR.otf in Resources */ = {isa = PBXBuildFile; fileRef = 9A2F96B8276F097100BEE55B /* NanumBarunpenR.otf */; };
		9AE8B697277AB2C5005F8420 /* main_cookie_simple.png in Resources */ = {isa = PBXBuildFile; fileRef = 9AE8B696277AB2C5005F8420 /* main_cookie_simple.png */; };
		9AEAC207276E1957007F9C82 /* SettingViewController.swift in Sources */ = {isa = PBXBuildFile; fileRef = 9AEAC206276E1957007F9C82 /* SettingViewController.swift */; };
/* End PBXBuildFile section */

/* Begin PBXFileReference section */
		9A00FF222778B7DA0004B1E6 /* mainpage_background.png */ = {isa = PBXFileReference; lastKnownFileType = image.png; path = mainpage_background.png; sourceTree = "<group>"; };
		9A00FF242778BBDC0004B1E6 /* mainpage_line_background.png */ = {isa = PBXFileReference; lastKnownFileType = image.png; path = mainpage_line_background.png; sourceTree = "<group>"; };
		9A00FF262778BCFE0004B1E6 /* mainpage_line_6_background.png */ = {isa = PBXFileReference; lastKnownFileType = image.png; path = mainpage_line_6_background.png; sourceTree = "<group>"; };
		9A07D4E62779F7D2009BD733 /* main_cookie.png */ = {isa = PBXFileReference; lastKnownFileType = image.png; path = main_cookie.png; sourceTree = "<group>"; };
		9A11C22A277A06EB00D141D1 /* main_cookie_line.png */ = {isa = PBXFileReference; lastKnownFileType = image.png; path = main_cookie_line.png; sourceTree = "<group>"; };
		9A2F96B7276F097100BEE55B /* NanumBarunpenB.otf */ = {isa = PBXFileReference; lastKnownFileType = file; path = NanumBarunpenB.otf; sourceTree = "<group>"; };
		9A2F96B8276F097100BEE55B /* NanumBarunpenR.otf */ = {isa = PBXFileReference; lastKnownFileType = file; path = NanumBarunpenR.otf; sourceTree = "<group>"; };
		9A2F96C1276F503E00BEE55B /* CustomView.swift */ = {isa = PBXFileReference; lastKnownFileType = sourcecode.swift; path = CustomView.swift; sourceTree = "<group>"; };
		9A2F96C3276F590D00BEE55B /* TimePickerViewController.swift */ = {isa = PBXFileReference; lastKnownFileType = sourcecode.swift; path = TimePickerViewController.swift; sourceTree = "<group>"; };
		9A6B37D7276C3ADF000188F5 /* ProjectTimeToGo.app */ = {isa = PBXFileReference; explicitFileType = wrapper.application; includeInIndex = 0; path = ProjectTimeToGo.app; sourceTree = BUILT_PRODUCTS_DIR; };
		9A6B37DA276C3ADF000188F5 /* AppDelegate.swift */ = {isa = PBXFileReference; lastKnownFileType = sourcecode.swift; path = AppDelegate.swift; sourceTree = "<group>"; };
		9A6B37DC276C3ADF000188F5 /* SceneDelegate.swift */ = {isa = PBXFileReference; lastKnownFileType = sourcecode.swift; path = SceneDelegate.swift; sourceTree = "<group>"; };
		9A6B37DE276C3ADF000188F5 /* ViewController.swift */ = {isa = PBXFileReference; lastKnownFileType = sourcecode.swift; path = ViewController.swift; sourceTree = "<group>"; };
		9A6B37E1276C3ADF000188F5 /* Base */ = {isa = PBXFileReference; lastKnownFileType = file.storyboard; name = Base; path = Base.lproj/Main.storyboard; sourceTree = "<group>"; };
		9A6B37E3276C3AE0000188F5 /* Assets.xcassets */ = {isa = PBXFileReference; lastKnownFileType = folder.assetcatalog; path = Assets.xcassets; sourceTree = "<group>"; };
		9A6B37E6276C3AE0000188F5 /* Base */ = {isa = PBXFileReference; lastKnownFileType = file.storyboard; name = Base; path = Base.lproj/LaunchScreen.storyboard; sourceTree = "<group>"; };
		9A6B37E8276C3AE0000188F5 /* Info.plist */ = {isa = PBXFileReference; lastKnownFileType = text.plist.xml; path = Info.plist; sourceTree = "<group>"; };
		9A6B37F7276C4DAA000188F5 /* SDSamliphopangcheOutline.otf */ = {isa = PBXFileReference; lastKnownFileType = file; path = SDSamliphopangcheOutline.otf; sourceTree = "<group>"; };
		9A6B37F8276C4DAA000188F5 /* SDSamliphopangcheBasic.otf */ = {isa = PBXFileReference; lastKnownFileType = file; path = SDSamliphopangcheBasic.otf; sourceTree = "<group>"; };
		9AD27C4D2771A767007B936B /* Goal.swift */ = {isa = PBXFileReference; lastKnownFileType = sourcecode.swift; path = Goal.swift; sourceTree = "<group>"; };
		9AD27C4F2771B2F6007B936B /* MainViewController.swift */ = {isa = PBXFileReference; lastKnownFileType = sourcecode.swift; path = MainViewController.swift; sourceTree = "<group>"; };
		9AE5FD85279425450037FA63 /* ResultViewController.swift */ = {isa = PBXFileReference; lastKnownFileType = sourcecode.swift; path = ResultViewController.swift; sourceTree = "<group>"; };
		9AE5FD87279432770037FA63 /* CookieDetailsViewController.swift */ = {isa = PBXFileReference; lastKnownFileType = sourcecode.swift; path = CookieDetailsViewController.swift; sourceTree = "<group>"; };
		9AE8B696277AB2C5005F8420 /* main_cookie_simple.png */ = {isa = PBXFileReference; lastKnownFileType = image.png; path = main_cookie_simple.png; sourceTree = "<group>"; };
		9AEAC206276E1957007F9C82 /* SettingViewController.swift */ = {isa = PBXFileReference; lastKnownFileType = sourcecode.swift; path = SettingViewController.swift; sourceTree = "<group>"; };
/* End PBXFileReference section */

/* Begin PBXFrameworksBuildPhase section */
		9A6B37D4276C3ADF000188F5 /* Frameworks */ = {
			isa = PBXFrameworksBuildPhase;
			buildActionMask = 2147483647;
			files = (
			);
			runOnlyForDeploymentPostprocessing = 0;
		};
/* End PBXFrameworksBuildPhase section */

/* Begin PBXGroup section */
		9A6B37CE276C3ADF000188F5 = {
			isa = PBXGroup;
			children = (
				9A6B37D9276C3ADF000188F5 /* ProjectTimeToGo */,
				9A6B37D8276C3ADF000188F5 /* Products */,
			);
			sourceTree = "<group>";
		};
		9A6B37D8276C3ADF000188F5 /* Products */ = {
			isa = PBXGroup;
			children = (
				9A6B37D7276C3ADF000188F5 /* ProjectTimeToGo.app */,
			);
			name = Products;
			sourceTree = "<group>";
		};
		9A6B37D9276C3ADF000188F5 /* ProjectTimeToGo */ = {
			isa = PBXGroup;
			children = (
				9ADBAD2127786E7500576EC8 /* image */,
				9A6B37F6276C4D67000188F5 /* Font */,
				9A6B37DA276C3ADF000188F5 /* AppDelegate.swift */,
				9A6B37DC276C3ADF000188F5 /* SceneDelegate.swift */,
				9A6B37DE276C3ADF000188F5 /* ViewController.swift */,
				9A6B37E0276C3ADF000188F5 /* Main.storyboard */,
				9A6B37E3276C3AE0000188F5 /* Assets.xcassets */,
				9A6B37E5276C3AE0000188F5 /* LaunchScreen.storyboard */,
				9A6B37E8276C3AE0000188F5 /* Info.plist */,
				9AEAC206276E1957007F9C82 /* SettingViewController.swift */,
				9A2F96C1276F503E00BEE55B /* CustomView.swift */,
				9A2F96C3276F590D00BEE55B /* TimePickerViewController.swift */,
				9AD27C4D2771A767007B936B /* Goal.swift */,
				9AD27C4F2771B2F6007B936B /* MainViewController.swift */,
				9AE5FD85279425450037FA63 /* ResultViewController.swift */,
				9AE5FD87279432770037FA63 /* CookieDetailsViewController.swift */,
			);
			path = ProjectTimeToGo;
			sourceTree = "<group>";
		};
		9A6B37F6276C4D67000188F5 /* Font */ = {
			isa = PBXGroup;
			children = (
				9A2F96B7276F097100BEE55B /* NanumBarunpenB.otf */,
				9A2F96B8276F097100BEE55B /* NanumBarunpenR.otf */,
				9A6B37F8276C4DAA000188F5 /* SDSamliphopangcheBasic.otf */,
				9A6B37F7276C4DAA000188F5 /* SDSamliphopangcheOutline.otf */,
			);
			path = Font;
			sourceTree = "<group>";
		};
		9ADBAD2127786E7500576EC8 /* image */ = {
			isa = PBXGroup;
			children = (
				9AE8B696277AB2C5005F8420 /* main_cookie_simple.png */,
				9A11C22A277A06EB00D141D1 /* main_cookie_line.png */,
				9A07D4E62779F7D2009BD733 /* main_cookie.png */,
				9A00FF262778BCFE0004B1E6 /* mainpage_line_6_background.png */,
				9A00FF242778BBDC0004B1E6 /* mainpage_line_background.png */,
				9A00FF222778B7DA0004B1E6 /* mainpage_background.png */,
			);
			path = image;
			sourceTree = "<group>";
		};
/* End PBXGroup section */

/* Begin PBXNativeTarget section */
		9A6B37D6276C3ADF000188F5 /* ProjectTimeToGo */ = {
			isa = PBXNativeTarget;
			buildConfigurationList = 9A6B37EB276C3AE0000188F5 /* Build configuration list for PBXNativeTarget "ProjectTimeToGo" */;
			buildPhases = (
				9A6B37D3276C3ADF000188F5 /* Sources */,
				9A6B37D4276C3ADF000188F5 /* Frameworks */,
				9A6B37D5276C3ADF000188F5 /* Resources */,
			);
			buildRules = (
			);
			dependencies = (
			);
			name = ProjectTimeToGo;
			productName = ProjectTimeToGo;
			productReference = 9A6B37D7276C3ADF000188F5 /* ProjectTimeToGo.app */;
			productType = "com.apple.product-type.application";
		};
/* End PBXNativeTarget section */

/* Begin PBXProject section */
		9A6B37CF276C3ADF000188F5 /* Project object */ = {
			isa = PBXProject;
			attributes = {
				LastSwiftUpdateCheck = 1250;
				LastUpgradeCheck = 1250;
				TargetAttributes = {
					9A6B37D6276C3ADF000188F5 = {
						CreatedOnToolsVersion = 12.5.1;
					};
				};
			};
			buildConfigurationList = 9A6B37D2276C3ADF000188F5 /* Build configuration list for PBXProject "ProjectTimeToGo" */;
			compatibilityVersion = "Xcode 9.3";
			developmentRegion = en;
			hasScannedForEncodings = 0;
			knownRegions = (
				en,
				Base,
			);
			mainGroup = 9A6B37CE276C3ADF000188F5;
			productRefGroup = 9A6B37D8276C3ADF000188F5 /* Products */;
			projectDirPath = "";
			projectRoot = "";
			targets = (
				9A6B37D6276C3ADF000188F5 /* ProjectTimeToGo */,
			);
		};
/* End PBXProject section */

/* Begin PBXResourcesBuildPhase section */
		9A6B37D5276C3ADF000188F5 /* Resources */ = {
			isa = PBXResourcesBuildPhase;
			buildActionMask = 2147483647;
			files = (
				9A11C22B277A06EB00D141D1 /* main_cookie_line.png in Resources */,
				9A00FF272778BCFE0004B1E6 /* mainpage_line_6_background.png in Resources */,
				9A6B37E7276C3AE0000188F5 /* LaunchScreen.storyboard in Resources */,
				9A6B37FC276C4E29000188F5 /* SDSamliphopangcheBasic.otf in Resources */,
				9A6B37F9276C4DAA000188F5 /* SDSamliphopangcheOutline.otf in Resources */,
				9A00FF252778BBDC0004B1E6 /* mainpage_line_background.png in Resources */,
				9A00FF232778B7DA0004B1E6 /* mainpage_background.png in Resources */,
				9A6B37E4276C3AE0000188F5 /* Assets.xcassets in Resources */,
				9AE8B697277AB2C5005F8420 /* main_cookie_simple.png in Resources */,
				9AE718FD2774083F00D04C17 /* NanumBarunpenB.otf in Resources */,
				9AE718FE2774084100D04C17 /* NanumBarunpenR.otf in Resources */,
				9A07D4E72779F7D2009BD733 /* main_cookie.png in Resources */,
				9A6B37E2276C3ADF000188F5 /* Main.storyboard in Resources */,
			);
			runOnlyForDeploymentPostprocessing = 0;
		};
/* End PBXResourcesBuildPhase section */

/* Begin PBXSourcesBuildPhase section */
		9A6B37D3276C3ADF000188F5 /* Sources */ = {
			isa = PBXSourcesBuildPhase;
			buildActionMask = 2147483647;
			files = (
				9A2F96C2276F503E00BEE55B /* CustomView.swift in Sources */,
				9AE5FD88279432770037FA63 /* CookieDetailsViewController.swift in Sources */,
				9A2F96C4276F590D00BEE55B /* TimePickerViewController.swift in Sources */,
				9A6B37DF276C3ADF000188F5 /* ViewController.swift in Sources */,
				9A6B37DB276C3ADF000188F5 /* AppDelegate.swift in Sources */,
				9A6B37DD276C3ADF000188F5 /* SceneDelegate.swift in Sources */,
				9AEAC207276E1957007F9C82 /* SettingViewController.swift in Sources */,
				9AD27C4E2771A767007B936B /* Goal.swift in Sources */,
				9AD27C502771B2F6007B936B /* MainViewController.swift in Sources */,
				9AE5FD86279425450037FA63 /* ResultViewController.swift in Sources */,
			);
			runOnlyForDeploymentPostprocessing = 0;
		};
/* End PBXSourcesBuildPhase section */

/* Begin PBXVariantGroup section */
		9A6B37E0276C3ADF000188F5 /* Main.storyboard */ = {
			isa = PBXVariantGroup;
			children = (
				9A6B37E1276C3ADF000188F5 /* Base */,
			);
			name = Main.storyboard;
			sourceTree = "<group>";
		};
		9A6B37E5276C3AE0000188F5 /* LaunchScreen.storyboard */ = {
			isa = PBXVariantGroup;
			children = (
				9A6B37E6276C3AE0000188F5 /* Base */,
			);
			name = LaunchScreen.storyboard;
			sourceTree = "<group>";
		};
/* End PBXVariantGroup section */

/* Begin XCBuildConfiguration section */
		9A6B37E9276C3AE0000188F5 /* Debug */ = {
			isa = XCBuildConfiguration;
			buildSettings = {
				ALWAYS_SEARCH_USER_PATHS = NO;
				CLANG_ANALYZER_NONNULL = YES;
				CLANG_ANALYZER_NUMBER_OBJECT_CONVERSION = YES_AGGRESSIVE;
				CLANG_CXX_LANGUAGE_STANDARD = "gnu++14";
				CLANG_CXX_LIBRARY = "libc++";
				CLANG_ENABLE_MODULES = YES;
				CLANG_ENABLE_OBJC_ARC = YES;
				CLANG_ENABLE_OBJC_WEAK = YES;
				CLANG_WARN_BLOCK_CAPTURE_AUTORELEASING = YES;
				CLANG_WARN_BOOL_CONVERSION = YES;
				CLANG_WARN_COMMA = YES;
				CLANG_WARN_CONSTANT_CONVERSION = YES;
				CLANG_WARN_DEPRECATED_OBJC_IMPLEMENTATIONS = YES;
				CLANG_WARN_DIRECT_OBJC_ISA_USAGE = YES_ERROR;
				CLANG_WARN_DOCUMENTATION_COMMENTS = YES;
				CLANG_WARN_EMPTY_BODY = YES;
				CLANG_WARN_ENUM_CONVERSION = YES;
				CLANG_WARN_INFINITE_RECURSION = YES;
				CLANG_WARN_INT_CONVERSION = YES;
				CLANG_WARN_NON_LITERAL_NULL_CONVERSION = YES;
				CLANG_WARN_OBJC_IMPLICIT_RETAIN_SELF = YES;
				CLANG_WARN_OBJC_LITERAL_CONVERSION = YES;
				CLANG_WARN_OBJC_ROOT_CLASS = YES_ERROR;
				CLANG_WARN_QUOTED_INCLUDE_IN_FRAMEWORK_HEADER = YES;
				CLANG_WARN_RANGE_LOOP_ANALYSIS = YES;
				CLANG_WARN_STRICT_PROTOTYPES = YES;
				CLANG_WARN_SUSPICIOUS_MOVE = YES;
				CLANG_WARN_UNGUARDED_AVAILABILITY = YES_AGGRESSIVE;
				CLANG_WARN_UNREACHABLE_CODE = YES;
				CLANG_WARN__DUPLICATE_METHOD_MATCH = YES;
				COPY_PHASE_STRIP = NO;
				DEBUG_INFORMATION_FORMAT = dwarf;
				ENABLE_STRICT_OBJC_MSGSEND = YES;
				ENABLE_TESTABILITY = YES;
				GCC_C_LANGUAGE_STANDARD = gnu11;
				GCC_DYNAMIC_NO_PIC = NO;
				GCC_NO_COMMON_BLOCKS = YES;
				GCC_OPTIMIZATION_LEVEL = 0;
				GCC_PREPROCESSOR_DEFINITIONS = (
					"DEBUG=1",
					"$(inherited)",
				);
				GCC_WARN_64_TO_32_BIT_CONVERSION = YES;
				GCC_WARN_ABOUT_RETURN_TYPE = YES_ERROR;
				GCC_WARN_UNDECLARED_SELECTOR = YES;
				GCC_WARN_UNINITIALIZED_AUTOS = YES_AGGRESSIVE;
				GCC_WARN_UNUSED_FUNCTION = YES;
				GCC_WARN_UNUSED_VARIABLE = YES;
				IPHONEOS_DEPLOYMENT_TARGET = 14.5;
				MTL_ENABLE_DEBUG_INFO = INCLUDE_SOURCE;
				MTL_FAST_MATH = YES;
				ONLY_ACTIVE_ARCH = YES;
				SDKROOT = iphoneos;
				SWIFT_ACTIVE_COMPILATION_CONDITIONS = DEBUG;
				SWIFT_OPTIMIZATION_LEVEL = "-Onone";
			};
			name = Debug;
		};
		9A6B37EA276C3AE0000188F5 /* Release */ = {
			isa = XCBuildConfiguration;
			buildSettings = {
				ALWAYS_SEARCH_USER_PATHS = NO;
				CLANG_ANALYZER_NONNULL = YES;
				CLANG_ANALYZER_NUMBER_OBJECT_CONVERSION = YES_AGGRESSIVE;
				CLANG_CXX_LANGUAGE_STANDARD = "gnu++14";
				CLANG_CXX_LIBRARY = "libc++";
				CLANG_ENABLE_MODULES = YES;
				CLANG_ENABLE_OBJC_ARC = YES;
				CLANG_ENABLE_OBJC_WEAK = YES;
				CLANG_WARN_BLOCK_CAPTURE_AUTORELEASING = YES;
				CLANG_WARN_BOOL_CONVERSION = YES;
				CLANG_WARN_COMMA = YES;
				CLANG_WARN_CONSTANT_CONVERSION = YES;
				CLANG_WARN_DEPRECATED_OBJC_IMPLEMENTATIONS = YES;
				CLANG_WARN_DIRECT_OBJC_ISA_USAGE = YES_ERROR;
				CLANG_WARN_DOCUMENTATION_COMMENTS = YES;
				CLANG_WARN_EMPTY_BODY = YES;
				CLANG_WARN_ENUM_CONVERSION = YES;
				CLANG_WARN_INFINITE_RECURSION = YES;
				CLANG_WARN_INT_CONVERSION = YES;
				CLANG_WARN_NON_LITERAL_NULL_CONVERSION = YES;
				CLANG_WARN_OBJC_IMPLICIT_RETAIN_SELF = YES;
				CLANG_WARN_OBJC_LITERAL_CONVERSION = YES;
				CLANG_WARN_OBJC_ROOT_CLASS = YES_ERROR;
				CLANG_WARN_QUOTED_INCLUDE_IN_FRAMEWORK_HEADER = YES;
				CLANG_WARN_RANGE_LOOP_ANALYSIS = YES;
				CLANG_WARN_STRICT_PROTOTYPES = YES;
				CLANG_WARN_SUSPICIOUS_MOVE = YES;
				CLANG_WARN_UNGUARDED_AVAILABILITY = YES_AGGRESSIVE;
				CLANG_WARN_UNREACHABLE_CODE = YES;
				CLANG_WARN__DUPLICATE_METHOD_MATCH = YES;
				COPY_PHASE_STRIP = NO;
				DEBUG_INFORMATION_FORMAT = "dwarf-with-dsym";
				ENABLE_NS_ASSERTIONS = NO;
				ENABLE_STRICT_OBJC_MSGSEND = YES;
				GCC_C_LANGUAGE_STANDARD = gnu11;
				GCC_NO_COMMON_BLOCKS = YES;
				GCC_WARN_64_TO_32_BIT_CONVERSION = YES;
				GCC_WARN_ABOUT_RETURN_TYPE = YES_ERROR;
				GCC_WARN_UNDECLARED_SELECTOR = YES;
				GCC_WARN_UNINITIALIZED_AUTOS = YES_AGGRESSIVE;
				GCC_WARN_UNUSED_FUNCTION = YES;
				GCC_WARN_UNUSED_VARIABLE = YES;
				IPHONEOS_DEPLOYMENT_TARGET = 14.5;
				MTL_ENABLE_DEBUG_INFO = NO;
				MTL_FAST_MATH = YES;
				SDKROOT = iphoneos;
				SWIFT_COMPILATION_MODE = wholemodule;
				SWIFT_OPTIMIZATION_LEVEL = "-O";
				VALIDATE_PRODUCT = YES;
			};
			name = Release;
		};
		9A6B37EC276C3AE0000188F5 /* Debug */ = {
			isa = XCBuildConfiguration;
			buildSettings = {
				ASSETCATALOG_COMPILER_APPICON_NAME = AppIcon;
				ASSETCATALOG_COMPILER_GLOBAL_ACCENT_COLOR_NAME = AccentColor;
				CODE_SIGN_STYLE = Automatic;
				DEVELOPMENT_TEAM = ZQV4ZDQNW5;
				INFOPLIST_FILE = ProjectTimeToGo/Info.plist;
				IPHONEOS_DEPLOYMENT_TARGET = 14.5;
				LD_RUNPATH_SEARCH_PATHS = (
					"$(inherited)",
					"@executable_path/Frameworks",
				);
				PRODUCT_BUNDLE_IDENTIFIER = com.tistory.88yhtserof.ProjectTimeToGo;
				PRODUCT_NAME = "$(TARGET_NAME)";
				SWIFT_VERSION = 5.0;
				TARGETED_DEVICE_FAMILY = 1;
			};
			name = Debug;
		};
		9A6B37ED276C3AE0000188F5 /* Release */ = {
			isa = XCBuildConfiguration;
			buildSettings = {
				ASSETCATALOG_COMPILER_APPICON_NAME = AppIcon;
				ASSETCATALOG_COMPILER_GLOBAL_ACCENT_COLOR_NAME = AccentColor;
				CODE_SIGN_STYLE = Automatic;
				DEVELOPMENT_TEAM = ZQV4ZDQNW5;
				INFOPLIST_FILE = ProjectTimeToGo/Info.plist;
				IPHONEOS_DEPLOYMENT_TARGET = 14.5;
				LD_RUNPATH_SEARCH_PATHS = (
					"$(inherited)",
					"@executable_path/Frameworks",
				);
				PRODUCT_BUNDLE_IDENTIFIER = com.tistory.88yhtserof.ProjectTimeToGo;
				PRODUCT_NAME = "$(TARGET_NAME)";
				SWIFT_VERSION = 5.0;
				TARGETED_DEVICE_FAMILY = 1;
			};
			name = Release;
		};
/* End XCBuildConfiguration section */

/* Begin XCConfigurationList section */
		9A6B37D2276C3ADF000188F5 /* Build configuration list for PBXProject "ProjectTimeToGo" */ = {
			isa = XCConfigurationList;
			buildConfigurations = (
				9A6B37E9276C3AE0000188F5 /* Debug */,
				9A6B37EA276C3AE0000188F5 /* Release */,
			);
			defaultConfigurationIsVisible = 0;
			defaultConfigurationName = Release;
		};
		9A6B37EB276C3AE0000188F5 /* Build configuration list for PBXNativeTarget "ProjectTimeToGo" */ = {
			isa = XCConfigurationList;
			buildConfigurations = (
				9A6B37EC276C3AE0000188F5 /* Debug */,
				9A6B37ED276C3AE0000188F5 /* Release */,
			);
			defaultConfigurationIsVisible = 0;
			defaultConfigurationName = Release;
		};
/* End XCConfigurationList section */
	};
	rootObject = 9A6B37CF276C3ADF000188F5 /* Project object */;
}
